{
  "name": "myrepo",
  "version": "1.0.0",
  "lockfileVersion": 3,
  "requires": true,
  "packages": {
    "": {
      "name": "myrepo",
      "version": "1.0.0",
      "license": "ISC",
      "dependencies": {
        "@zedf0r/ajs": "^1.0.0"
      }
    },
    "node_modules/@zedf0r/ajs": {
      "version": "1.0.0",
      "resolved": "https://npm.pkg.github.com/download/@zedf0r/ajs/1.0.0/7079150b0248716c97ac3b8c71bd6cc8d7850b6c",
      "integrity": "sha512-pb8ljz8xbfGzNjAObtUzts3CBp2xL9WPJtlBlX6bq4J4U0PlbvvM9yRrTJbGUBWqAbn/Wopw3kHWNA4Cbk1iAQ==",
      "license": "ISC"
    }
  }
}
